
Microsoft Visual Studio Solution File, Format Version 12.00
# Visual Studio Version 16
VisualStudioVersion = 16.0.29920.165
MinimumVisualStudioVersion = 10.0.40219.1
Project("{FAE04EC0-301F-11D3-BF4B-00C04F79EFBC}") = "csharp-ceaser-cipher", "csharp-ceaser-cipher\csharp-ceaser-cipher.csproj", "{CF192271-FDCB-4A84-BAC6-19100B40119C}"
EndProject
Global
	GlobalSection(SolutionConfigurationPlatforms) = preSolution
		Debug|Any CPU = Debug|Any CPU
		Release|Any CPU = Release|Any CPU
	EndGlobalSection
	GlobalSection(ProjectConfigurationPlatforms) = postSolution
		{CF192271-FDCB-4A84-BAC6-19100B40119C}.Debug|Any CPU.ActiveCfg = Debug|Any CPU
		{CF192271-FDCB-4A84-BAC6-19100B40119C}.Debug|Any CPU.Build.0 = Debug|Any CPU
		{CF192271-FDCB-4A84-BAC6-19100B40119C}.Release|Any CPU.ActiveCfg = Release|Any CPU
		{CF192271-FDCB-4A84-BAC6-19100B40119C}.Release|Any CPU.Build.0 = Release|Any CPU
	EndGlobalSection
	GlobalSection(SolutionProperties) = preSolution
		HideSolutionNode = FALSE
	EndGlobalSection
	GlobalSection(ExtensibilityGlobals) = postSolution
		SolutionGuid = {2BCFBCBD-E368-4424-AB07-6FA37CF5E4FC}
	EndGlobalSection
EndGlobal
